// !$*UTF8*$!
{
	archiveVersion = 1;
	classes = {
	};
	objectVersion = 48;
	objects = {

/* Begin PBXBuildFile section */
		635F944B1F46CF1400340A1C /* ProductCell.swift in Sources */ = {isa = PBXBuildFile; fileRef = 635F944A1F46CF1400340A1C /* ProductCell.swift */; };
		635F944D1F46D23400340A1C /* Product.swift in Sources */ = {isa = PBXBuildFile; fileRef = 635F944C1F46D23400340A1C /* Product.swift */; };
		635F944F1F46E90D00340A1C /* ProductsVC.swift in Sources */ = {isa = PBXBuildFile; fileRef = 635F944E1F46E90D00340A1C /* ProductsVC.swift */; };
		63D96ED21F459F4C0085DD96 /* AppDelegate.swift in Sources */ = {isa = PBXBuildFile; fileRef = 63D96ED11F459F4C0085DD96 /* AppDelegate.swift */; };
		63D96ED41F459F4C0085DD96 /* CategoriesVC.swift in Sources */ = {isa = PBXBuildFile; fileRef = 63D96ED31F459F4C0085DD96 /* CategoriesVC.swift */; };
		63D96ED71F459F4C0085DD96 /* Main.storyboard in Resources */ = {isa = PBXBuildFile; fileRef = 63D96ED51F459F4C0085DD96 /* Main.storyboard */; };
		63D96ED91F459F4C0085DD96 /* Assets.xcassets in Resources */ = {isa = PBXBuildFile; fileRef = 63D96ED81F459F4C0085DD96 /* Assets.xcassets */; };
		63D96EDC1F459F4C0085DD96 /* LaunchScreen.storyboard in Resources */ = {isa = PBXBuildFile; fileRef = 63D96EDA1F459F4C0085DD96 /* LaunchScreen.storyboard */; };
		63D96EE71F45D1840085DD96 /* CategoryCell.swift in Sources */ = {isa = PBXBuildFile; fileRef = 63D96EE61F45D1840085DD96 /* CategoryCell.swift */; };
		63D96EE91F45D6D40085DD96 /* Category.swift in Sources */ = {isa = PBXBuildFile; fileRef = 63D96EE81F45D6D40085DD96 /* Category.swift */; };
		63D96EEC1F45D8CF0085DD96 /* DataService.swift in Sources */ = {isa = PBXBuildFile; fileRef = 63D96EEB1F45D8CF0085DD96 /* DataService.swift */; };
/* End PBXBuildFile section */

/* Begin PBXFileReference section */
		635F944A1F46CF1400340A1C /* ProductCell.swift */ = {isa = PBXFileReference; lastKnownFileType = sourcecode.swift; path = ProductCell.swift; sourceTree = "<group>"; };
		635F944C1F46D23400340A1C /* Product.swift */ = {isa = PBXFileReference; lastKnownFileType = sourcecode.swift; path = Product.swift; sourceTree = "<group>"; };
		635F944E1F46E90D00340A1C /* ProductsVC.swift */ = {isa = PBXFileReference; lastKnownFileType = sourcecode.swift; path = ProductsVC.swift; sourceTree = "<group>"; };
		63D96ECE1F459F4C0085DD96 /* Coder Swag.app */ = {isa = PBXFileReference; explicitFileType = wrapper.application; includeInIndex = 0; path = "Coder Swag.app"; sourceTree = BUILT_PRODUCTS_DIR; };
		63D96ED11F459F4C0085DD96 /* AppDelegate.swift */ = {isa = PBXFileReference; lastKnownFileType = sourcecode.swift; path = AppDelegate.swift; sourceTree = "<group>"; };
		63D96ED31F459F4C0085DD96 /* CategoriesVC.swift */ = {isa = PBXFileReference; lastKnownFileType = sourcecode.swift; path = CategoriesVC.swift; sourceTree = "<group>"; };
		63D96ED61F459F4C0085DD96 /* Base */ = {isa = PBXFileReference; lastKnownFileType = file.storyboard; name = Base; path = Base.lproj/Main.storyboard; sourceTree = "<group>"; };
		63D96ED81F459F4C0085DD96 /* Assets.xcassets */ = {isa = PBXFileReference; lastKnownFileType = folder.assetcatalog; path = Assets.xcassets; sourceTree = "<group>"; };
		63D96EDB1F459F4C0085DD96 /* Base */ = {isa = PBXFileReference; lastKnownFileType = file.storyboard; name = Base; path = Base.lproj/LaunchScreen.storyboard; sourceTree = "<group>"; };
		63D96EDD1F459F4C0085DD96 /* Info.plist */ = {isa = PBXFileReference; lastKnownFileType = text.plist.xml; path = Info.plist; sourceTree = "<group>"; };
		63D96EE61F45D1840085DD96 /* CategoryCell.swift */ = {isa = PBXFileReference; lastKnownFileType = sourcecode.swift; path = CategoryCell.swift; sourceTree = "<group>"; };
		63D96EE81F45D6D40085DD96 /* Category.swift */ = {isa = PBXFileReference; lastKnownFileType = sourcecode.swift; path = Category.swift; sourceTree = "<group>"; };
		63D96EEB1F45D8CF0085DD96 /* DataService.swift */ = {isa = PBXFileReference; lastKnownFileType = sourcecode.swift; path = DataService.swift; sourceTree = "<group>"; };
/* End PBXFileReference section */

/* Begin PBXFrameworksBuildPhase section */
		63D96ECB1F459F4C0085DD96 /* Frameworks */ = {
			isa = PBXFrameworksBuildPhase;
			buildActionMask = 2147483647;
			files = (
			);
			runOnlyForDeploymentPostprocessing = 0;
		};
/* End PBXFrameworksBuildPhase section */

/* Begin PBXGroup section */
		63D96EC51F459F4C0085DD96 = {
			isa = PBXGroup;
			children = (
				63D96ED01F459F4C0085DD96 /* Coder Swag */,
				63D96ECF1F459F4C0085DD96 /* Products */,
			);
			sourceTree = "<group>";
		};
		63D96ECF1F459F4C0085DD96 /* Products */ = {
			isa = PBXGroup;
			children = (
				63D96ECE1F459F4C0085DD96 /* Coder Swag.app */,
			);
			name = Products;
			sourceTree = "<group>";
		};
		63D96ED01F459F4C0085DD96 /* Coder Swag */ = {
			isa = PBXGroup;
			children = (
				63D96EEA1F45D8B80085DD96 /* Services */,
				63D96EE51F45D1150085DD96 /* View */,
				63D96EE41F45D1090085DD96 /* Model */,
				63D96EE31F45D0FA0085DD96 /* Controller */,
				63D96ED11F459F4C0085DD96 /* AppDelegate.swift */,
				63D96ED51F459F4C0085DD96 /* Main.storyboard */,
				63D96ED81F459F4C0085DD96 /* Assets.xcassets */,
				63D96EDA1F459F4C0085DD96 /* LaunchScreen.storyboard */,
				63D96EDD1F459F4C0085DD96 /* Info.plist */,
			);
			path = "Coder Swag";
			sourceTree = "<group>";
		};
		63D96EE31F45D0FA0085DD96 /* Controller */ = {
			isa = PBXGroup;
			children = (
				63D96ED31F459F4C0085DD96 /* CategoriesVC.swift */,
				635F944E1F46E90D00340A1C /* ProductsVC.swift */,
			);
			path = Controller;
			sourceTree = "<group>";
		};
		63D96EE41F45D1090085DD96 /* Model */ = {
			isa = PBXGroup;
			children = (
				63D96EE81F45D6D40085DD96 /* Category.swift */,
				635F944C1F46D23400340A1C /* Product.swift */,
			);
			path = Model;
			sourceTree = "<group>";
		};
		63D96EE51F45D1150085DD96 /* View */ = {
			isa = PBXGroup;
			children = (
				63D96EE61F45D1840085DD96 /* CategoryCell.swift */,
				635F944A1F46CF1400340A1C /* ProductCell.swift */,
			);
			path = View;
			sourceTree = "<group>";
		};
		63D96EEA1F45D8B80085DD96 /* Services */ = {
			isa = PBXGroup;
			children = (
				63D96EEB1F45D8CF0085DD96 /* DataService.swift */,
			);
			path = Services;
			sourceTree = "<group>";
		};
/* End PBXGroup section */

/* Begin PBXNativeTarget section */
		63D96ECD1F459F4C0085DD96 /* Coder Swag */ = {
			isa = PBXNativeTarget;
			buildConfigurationList = 63D96EE01F459F4C0085DD96 /* Build configuration list for PBXNativeTarget "Coder Swag" */;
			buildPhases = (
				63D96ECA1F459F4C0085DD96 /* Sources */,
				63D96ECB1F459F4C0085DD96 /* Frameworks */,
				63D96ECC1F459F4C0085DD96 /* Resources */,
			);
			buildRules = (
			);
			dependencies = (
			);
			name = "Coder Swag";
			productName = "Coder Swag";
			productReference = 63D96ECE1F459F4C0085DD96 /* Coder Swag.app */;
			productType = "com.apple.product-type.application";
		};
/* End PBXNativeTarget section */

/* Begin PBXProject section */
		63D96EC61F459F4C0085DD96 /* Project object */ = {
			isa = PBXProject;
			attributes = {
				LastSwiftUpdateCheck = 0900;
				LastUpgradeCheck = 0900;
				ORGANIZATIONNAME = "Sotheavuth Nguon";
				TargetAttributes = {
					63D96ECD1F459F4C0085DD96 = {
						CreatedOnToolsVersion = 9.0;
					};
				};
			};
			buildConfigurationList = 63D96EC91F459F4C0085DD96 /* Build configuration list for PBXProject "Coder Swag" */;
			compatibilityVersion = "Xcode 8.0";
			developmentRegion = en;
			hasScannedForEncodings = 0;
			knownRegions = (
				en,
				Base,
			);
			mainGroup = 63D96EC51F459F4C0085DD96;
			productRefGroup = 63D96ECF1F459F4C0085DD96 /* Products */;
			projectDirPath = "";
			projectRoot = "";
			targets = (
				63D96ECD1F459F4C0085DD96 /* Coder Swag */,
			);
		};
/* End PBXProject section */

/* Begin PBXResourcesBuildPhase section */
		63D96ECC1F459F4C0085DD96 /* Resources */ = {
			isa = PBXResourcesBuildPhase;
			buildActionMask = 2147483647;
			files = (
				63D96EDC1F459F4C0085DD96 /* LaunchScreen.storyboard in Resources */,
				63D96ED91F459F4C0085DD96 /* Assets.xcassets in Resources */,
				63D96ED71F459F4C0085DD96 /* Main.storyboard in Resources */,
			);
			runOnlyForDeploymentPostprocessing = 0;
		};
/* End PBXResourcesBuildPhase section */

/* Begin PBXSourcesBuildPhase section */
		63D96ECA1F459F4C0085DD96 /* Sources */ = {
			isa = PBXSourcesBuildPhase;
			buildActionMask = 2147483647;
			files = (
				635F944F1F46E90D00340A1C /* ProductsVC.swift in Sources */,
				63D96ED41F459F4C0085DD96 /* CategoriesVC.swift in Sources */,
				63D96ED21F459F4C0085DD96 /* AppDelegate.swift in Sources */,
				63D96EE71F45D1840085DD96 /* CategoryCell.swift in Sources */,
				635F944B1F46CF1400340A1C /* ProductCell.swift in Sources */,
				63D96EE91F45D6D40085DD96 /* Category.swift in Sources */,
				63D96EEC1F45D8CF0085DD96 /* DataService.swift in Sources */,
				635F944D1F46D23400340A1C /* Product.swift in Sources */,
			);
			runOnlyForDeploymentPostprocessing = 0;
		};
/* End PBXSourcesBuildPhase section */

/* Begin PBXVariantGroup section */
		63D96ED51F459F4C0085DD96 /* Main.storyboard */ = {
			isa = PBXVariantGroup;
			children = (
				63D96ED61F459F4C0085DD96 /* Base */,
			);
			name = Main.storyboard;
			sourceTree = "<group>";
		};
		63D96EDA1F459F4C0085DD96 /* LaunchScreen.storyboard */ = {
			isa = PBXVariantGroup;
			children = (
				63D96EDB1F459F4C0085DD96 /* Base */,
			);
			name = LaunchScreen.storyboard;
			sourceTree = "<group>";
		};
/* End PBXVariantGroup section */

/* Begin XCBuildConfiguration section */
		63D96EDE1F459F4C0085DD96 /* Debug */ = {
			isa = XCBuildConfiguration;
			buildSettings = {
				ALWAYS_SEARCH_USER_PATHS = NO;
				CLANG_ANALYZER_NONNULL = YES;
				CLANG_ANALYZER_NUMBER_OBJECT_CONVERSION = YES_AGGRESSIVE;
				CLANG_CXX_LANGUAGE_STANDARD = "gnu++14";
				CLANG_CXX_LIBRARY = "libc++";
				CLANG_ENABLE_MODULES = YES;
				CLANG_ENABLE_OBJC_ARC = YES;
				CLANG_WARN_BLOCK_CAPTURE_AUTORELEASING = YES;
				CLANG_WARN_BOOL_CONVERSION = YES;
				CLANG_WARN_COMMA = YES;
				CLANG_WARN_CONSTANT_CONVERSION = YES;
				CLANG_WARN_DIRECT_OBJC_ISA_USAGE = YES_ERROR;
				CLANG_WARN_DOCUMENTATION_COMMENTS = YES;
				CLANG_WARN_EMPTY_BODY = YES;
				CLANG_WARN_ENUM_CONVERSION = YES;
				CLANG_WARN_INFINITE_RECURSION = YES;
				CLANG_WARN_INT_CONVERSION = YES;
				CLANG_WARN_OBJC_ROOT_CLASS = YES_ERROR;
				CLANG_WARN_RANGE_LOOP_ANALYSIS = YES;
				CLANG_WARN_STRICT_PROTOTYPES = YES;
				CLANG_WARN_SUSPICIOUS_MOVE = YES;
				CLANG_WARN_UNGUARDED_AVAILABILITY = YES_AGGRESSIVE;
				CLANG_WARN_UNREACHABLE_CODE = YES;
				CLANG_WARN__DUPLICATE_METHOD_MATCH = YES;
				CODE_SIGN_IDENTITY = "iPhone Developer";
				COPY_PHASE_STRIP = NO;
				DEBUG_INFORMATION_FORMAT = dwarf;
				ENABLE_STRICT_OBJC_MSGSEND = YES;
				ENABLE_TESTABILITY = YES;
				GCC_C_LANGUAGE_STANDARD = gnu11;
				GCC_DYNAMIC_NO_PIC = NO;
				GCC_NO_COMMON_BLOCKS = YES;
				GCC_OPTIMIZATION_LEVEL = 0;
				GCC_PREPROCESSOR_DEFINITIONS = (
					"DEBUG=1",
					"$(inherited)",
				);
				GCC_WARN_64_TO_32_BIT_CONVERSION = YES;
				GCC_WARN_ABOUT_RETURN_TYPE = YES_ERROR;
				GCC_WARN_UNDECLARED_SELECTOR = YES;
				GCC_WARN_UNINITIALIZED_AUTOS = YES_AGGRESSIVE;
				GCC_WARN_UNUSED_FUNCTION = YES;
				GCC_WARN_UNUSED_VARIABLE = YES;
				IPHONEOS_DEPLOYMENT_TARGET = 11.0;
				MTL_ENABLE_DEBUG_INFO = YES;
				ONLY_ACTIVE_ARCH = YES;
				SDKROOT = iphoneos;
				SWIFT_ACTIVE_COMPILATION_CONDITIONS = DEBUG;
				SWIFT_OPTIMIZATION_LEVEL = "-Onone";
			};
			name = Debug;
		};
		63D96EDF1F459F4C0085DD96 /* Release */ = {
			isa = XCBuildConfiguration;
			buildSettings = {
				ALWAYS_SEARCH_USER_PATHS = NO;
				CLANG_ANALYZER_NONNULL = YES;
				CLANG_ANALYZER_NUMBER_OBJECT_CONVERSION = YES_AGGRESSIVE;
				CLANG_CXX_LANGUAGE_STANDARD = "gnu++14";
				CLANG_CXX_LIBRARY = "libc++";
				CLANG_ENABLE_MODULES = YES;
				CLANG_ENABLE_OBJC_ARC = YES;
				CLANG_WARN_BLOCK_CAPTURE_AUTORELEASING = YES;
				CLANG_WARN_BOOL_CONVERSION = YES;
				CLANG_WARN_COMMA = YES;
				CLANG_WARN_CONSTANT_CONVERSION = YES;
				CLANG_WARN_DIRECT_OBJC_ISA_USAGE = YES_ERROR;
				CLANG_WARN_DOCUMENTATION_COMMENTS = YES;
				CLANG_WARN_EMPTY_BODY = YES;
				CLANG_WARN_ENUM_CONVERSION = YES;
				CLANG_WARN_INFINITE_RECURSION = YES;
				CLANG_WARN_INT_CONVERSION = YES;
				CLANG_WARN_OBJC_ROOT_CLASS = YES_ERROR;
				CLANG_WARN_RANGE_LOOP_ANALYSIS = YES;
				CLANG_WARN_STRICT_PROTOTYPES = YES;
				CLANG_WARN_SUSPICIOUS_MOVE = YES;
				CLANG_WARN_UNGUARDED_AVAILABILITY = YES_AGGRESSIVE;
				CLANG_WARN_UNREACHABLE_CODE = YES;
				CLANG_WARN__DUPLICATE_METHOD_MATCH = YES;
				CODE_SIGN_IDENTITY = "iPhone Developer";
				COPY_PHASE_STRIP = NO;
				DEBUG_INFORMATION_FORMAT = "dwarf-with-dsym";
				ENABLE_NS_ASSERTIONS = NO;
				ENABLE_STRICT_OBJC_MSGSEND = YES;
				GCC_C_LANGUAGE_STANDARD = gnu11;
				GCC_NO_COMMON_BLOCKS = YES;
				GCC_WARN_64_TO_32_BIT_CONVERSION = YES;
				GCC_WARN_ABOUT_RETURN_TYPE = YES_ERROR;
				GCC_WARN_UNDECLARED_SELECTOR = YES;
				GCC_WARN_UNINITIALIZED_AUTOS = YES_AGGRESSIVE;
				GCC_WARN_UNUSED_FUNCTION = YES;
				GCC_WARN_UNUSED_VARIABLE = YES;
				IPHONEOS_DEPLOYMENT_TARGET = 11.0;
				MTL_ENABLE_DEBUG_INFO = NO;
				SDKROOT = iphoneos;
				SWIFT_OPTIMIZATION_LEVEL = "-Owholemodule";
				VALIDATE_PRODUCT = YES;
			};
			name = Release;
		};
		63D96EE11F459F4C0085DD96 /* Debug */ = {
			isa = XCBuildConfiguration;
			buildSettings = {
				ASSETCATALOG_COMPILER_APPICON_NAME = AppIcon;
				DEVELOPMENT_TEAM = T87S29H6EY;
				INFOPLIST_FILE = "Coder Swag/Info.plist";
				LD_RUNPATH_SEARCH_PATHS = "$(inherited) @executable_path/Frameworks";
				PRODUCT_BUNDLE_IDENTIFIER = "com.sotheavuthnguon.Coder-Swag";
				PRODUCT_NAME = "$(TARGET_NAME)";
				SWIFT_VERSION = 4.0;
				TARGETED_DEVICE_FAMILY = "1,2";
			};
			name = Debug;
		};
		63D96EE21F459F4C0085DD96 /* Release */ = {
			isa = XCBuildConfiguration;
			buildSettings = {
				ASSETCATALOG_COMPILER_APPICON_NAME = AppIcon;
				DEVELOPMENT_TEAM = T87S29H6EY;
				INFOPLIST_FILE = "Coder Swag/Info.plist";
				LD_RUNPATH_SEARCH_PATHS = "$(inherited) @executable_path/Frameworks";
				PRODUCT_BUNDLE_IDENTIFIER = "com.sotheavuthnguon.Coder-Swag";
				PRODUCT_NAME = "$(TARGET_NAME)";
				SWIFT_VERSION = 4.0;
				TARGETED_DEVICE_FAMILY = "1,2";
			};
			name = Release;
		};
/* End XCBuildConfiguration section */

/* Begin XCConfigurationList section */
		63D96EC91F459F4C0085DD96 /* Build configuration list for PBXProject "Coder Swag" */ = {
			isa = XCConfigurationList;
			buildConfigurations = (
				63D96EDE1F459F4C0085DD96 /* Debug */,
				63D96EDF1F459F4C0085DD96 /* Release */,
			);
			defaultConfigurationIsVisible = 0;
			defaultConfigurationName = Release;
		};
		63D96EE01F459F4C0085DD96 /* Build configuration list for PBXNativeTarget "Coder Swag" */ = {
			isa = XCConfigurationList;
			buildConfigurations = (
				63D96EE11F459F4C0085DD96 /* Debug */,
				63D96EE21F459F4C0085DD96 /* Release */,
			);
			defaultConfigurationIsVisible = 0;
			defaultConfigurationName = Release;
		};
/* End XCConfigurationList section */
	};
	rootObject = 63D96EC61F459F4C0085DD96 /* Project object */;
}
